// !$*UTF8*$!
{
	archiveVersion = 1;
	classes = {
	};
	objectVersion = 77;
	objects = {

/* Begin PBXContainerItemProxy section */
		46F399B52CD6C6E300290BC6 /* PBXContainerItemProxy */ = {
			isa = PBXContainerItemProxy;
			containerPortal = 46F3999C2CD6C6E100290BC6 /* Project object */;
			proxyType = 1;
			remoteGlobalIDString = 46F399A32CD6C6E100290BC6;
			remoteInfo = SwiftRecipe;
		};
		46F399BF2CD6C6E300290BC6 /* PBXContainerItemProxy */ = {
			isa = PBXContainerItemProxy;
			containerPortal = 46F3999C2CD6C6E100290BC6 /* Project object */;
			proxyType = 1;
			remoteGlobalIDString = 46F399A32CD6C6E100290BC6;
			remoteInfo = SwiftRecipe;
		};
/* End PBXContainerItemProxy section */

/* Begin PBXFileReference section */
		46F399A42CD6C6E100290BC6 /* SwiftRecipe.app */ = {isa = PBXFileReference; explicitFileType = wrapper.application; includeInIndex = 0; path = SwiftRecipe.app; sourceTree = BUILT_PRODUCTS_DIR; };
		46F399B42CD6C6E300290BC6 /* SwiftRecipeTests.xctest */ = {isa = PBXFileReference; explicitFileType = wrapper.cfbundle; includeInIndex = 0; path = SwiftRecipeTests.xctest; sourceTree = BUILT_PRODUCTS_DIR; };
		46F399BE2CD6C6E300290BC6 /* SwiftRecipeUITests.xctest */ = {isa = PBXFileReference; explicitFileType = wrapper.cfbundle; includeInIndex = 0; path = SwiftRecipeUITests.xctest; sourceTree = BUILT_PRODUCTS_DIR; };
/* End PBXFileReference section */

/* Begin PBXFileSystemSynchronizedRootGroup section */
		46F399A62CD6C6E100290BC6 /* SwiftRecipe */ = {
			isa = PBXFileSystemSynchronizedRootGroup;
			path = SwiftRecipe;
			sourceTree = "<group>";
		};
		46F399B72CD6C6E300290BC6 /* SwiftRecipeTests */ = {
			isa = PBXFileSystemSynchronizedRootGroup;
			path = SwiftRecipeTests;
			sourceTree = "<group>";
		};
		46F399C12CD6C6E300290BC6 /* SwiftRecipeUITests */ = {
			isa = PBXFileSystemSynchronizedRootGroup;
			path = SwiftRecipeUITests;
			sourceTree = "<group>";
		};
/* End PBXFileSystemSynchronizedRootGroup section */

/* Begin PBXFrameworksBuildPhase section */
		46F399A12CD6C6E100290BC6 /* Frameworks */ = {
			isa = PBXFrameworksBuildPhase;
			buildActionMask = 2147483647;
			files = (
			);
			runOnlyForDeploymentPostprocessing = 0;
		};
		46F399B12CD6C6E300290BC6 /* Frameworks */ = {
			isa = PBXFrameworksBuildPhase;
			buildActionMask = 2147483647;
			files = (
			);
			runOnlyForDeploymentPostprocessing = 0;
		};
		46F399BB2CD6C6E300290BC6 /* Frameworks */ = {
			isa = PBXFrameworksBuildPhase;
			buildActionMask = 2147483647;
			files = (
			);
			runOnlyForDeploymentPostprocessing = 0;
		};
/* End PBXFrameworksBuildPhase section */

/* Begin PBXGroup section */
		46F3999B2CD6C6E100290BC6 = {
			isa = PBXGroup;
			children = (
				46F399A62CD6C6E100290BC6 /* SwiftRecipe */,
				46F399B72CD6C6E300290BC6 /* SwiftRecipeTests */,
				46F399C12CD6C6E300290BC6 /* SwiftRecipeUITests */,
				46F399A52CD6C6E100290BC6 /* Products */,
			);
			sourceTree = "<group>";
		};
		46F399A52CD6C6E100290BC6 /* Products */ = {
			isa = PBXGroup;
			children = (
				46F399A42CD6C6E100290BC6 /* SwiftRecipe.app */,
				46F399B42CD6C6E300290BC6 /* SwiftRecipeTests.xctest */,
				46F399BE2CD6C6E300290BC6 /* SwiftRecipeUITests.xctest */,
			);
			name = Products;
			sourceTree = "<group>";
		};
/* End PBXGroup section */

/* Begin PBXNativeTarget section */
		46F399A32CD6C6E100290BC6 /* SwiftRecipe */ = {
			isa = PBXNativeTarget;
			buildConfigurationList = 46F399C82CD6C6E300290BC6 /* Build configuration list for PBXNativeTarget "SwiftRecipe" */;
			buildPhases = (
				46F399A02CD6C6E100290BC6 /* Sources */,
				46F399A12CD6C6E100290BC6 /* Frameworks */,
				46F399A22CD6C6E100290BC6 /* Resources */,
			);
			buildRules = (
			);
			dependencies = (
			);
			fileSystemSynchronizedGroups = (
				46F399A62CD6C6E100290BC6 /* SwiftRecipe */,
			);
			name = SwiftRecipe;
			packageProductDependencies = (
			);
			productName = SwiftRecipe;
			productReference = 46F399A42CD6C6E100290BC6 /* SwiftRecipe.app */;
			productType = "com.apple.product-type.application";
		};
		46F399B32CD6C6E300290BC6 /* SwiftRecipeTests */ = {
			isa = PBXNativeTarget;
			buildConfigurationList = 46F399CB2CD6C6E300290BC6 /* Build configuration list for PBXNativeTarget "SwiftRecipeTests" */;
			buildPhases = (
				46F399B02CD6C6E300290BC6 /* Sources */,
				46F399B12CD6C6E300290BC6 /* Frameworks */,
				46F399B22CD6C6E300290BC6 /* Resources */,
			);
			buildRules = (
			);
			dependencies = (
				46F399B62CD6C6E300290BC6 /* PBXTargetDependency */,
			);
			fileSystemSynchronizedGroups = (
				46F399B72CD6C6E300290BC6 /* SwiftRecipeTests */,
			);
			name = SwiftRecipeTests;
			packageProductDependencies = (
			);
			productName = SwiftRecipeTests;
			productReference = 46F399B42CD6C6E300290BC6 /* SwiftRecipeTests.xctest */;
			productType = "com.apple.product-type.bundle.unit-test";
		};
		46F399BD2CD6C6E300290BC6 /* SwiftRecipeUITests */ = {
			isa = PBXNativeTarget;
			buildConfigurationList = 46F399CE2CD6C6E300290BC6 /* Build configuration list for PBXNativeTarget "SwiftRecipeUITests" */;
			buildPhases = (
				46F399BA2CD6C6E300290BC6 /* Sources */,
				46F399BB2CD6C6E300290BC6 /* Frameworks */,
				46F399BC2CD6C6E300290BC6 /* Resources */,
			);
			buildRules = (
			);
			dependencies = (
				46F399C02CD6C6E300290BC6 /* PBXTargetDependency */,
			);
			fileSystemSynchronizedGroups = (
				46F399C12CD6C6E300290BC6 /* SwiftRecipeUITests */,
			);
			name = SwiftRecipeUITests;
			packageProductDependencies = (
			);
			productName = SwiftRecipeUITests;
			productReference = 46F399BE2CD6C6E300290BC6 /* SwiftRecipeUITests.xctest */;
			productType = "com.apple.product-type.bundle.ui-testing";
		};
/* End PBXNativeTarget section */

/* Begin PBXProject section */
		46F3999C2CD6C6E100290BC6 /* Project object */ = {
			isa = PBXProject;
			attributes = {
				BuildIndependentTargetsInParallel = 1;
				LastSwiftUpdateCheck = 1600;
				LastUpgradeCheck = 1600;
				TargetAttributes = {
					46F399A32CD6C6E100290BC6 = {
						CreatedOnToolsVersion = 16.0;
					};
					46F399B32CD6C6E300290BC6 = {
						CreatedOnToolsVersion = 16.0;
						TestTargetID = 46F399A32CD6C6E100290BC6;
					};
					46F399BD2CD6C6E300290BC6 = {
						CreatedOnToolsVersion = 16.0;
						TestTargetID = 46F399A32CD6C6E100290BC6;
					};
				};
			};
			buildConfigurationList = 46F3999F2CD6C6E100290BC6 /* Build configuration list for PBXProject "SwiftRecipe" */;
			developmentRegion = en;
			hasScannedForEncodings = 0;
			knownRegions = (
				en,
				Base,
			);
			mainGroup = 46F3999B2CD6C6E100290BC6;
			minimizedProjectReferenceProxies = 1;
			preferredProjectObjectVersion = 77;
			productRefGroup = 46F399A52CD6C6E100290BC6 /* Products */;
			projectDirPath = "";
			projectRoot = "";
			targets = (
				46F399A32CD6C6E100290BC6 /* SwiftRecipe */,
				46F399B32CD6C6E300290BC6 /* SwiftRecipeTests */,
				46F399BD2CD6C6E300290BC6 /* SwiftRecipeUITests */,
			);
		};
/* End PBXProject section */

/* Begin PBXResourcesBuildPhase section */
		46F399A22CD6C6E100290BC6 /* Resources */ = {
			isa = PBXResourcesBuildPhase;
			buildActionMask = 2147483647;
			files = (
			);
			runOnlyForDeploymentPostprocessing = 0;
		};
		46F399B22CD6C6E300290BC6 /* Resources */ = {
			isa = PBXResourcesBuildPhase;
			buildActionMask = 2147483647;
			files = (
			);
			runOnlyForDeploymentPostprocessing = 0;
		};
		46F399BC2CD6C6E300290BC6 /* Resources */ = {
			isa = PBXResourcesBuildPhase;
			buildActionMask = 2147483647;
			files = (
			);
			runOnlyForDeploymentPostprocessing = 0;
		};
/* End PBXResourcesBuildPhase section */

/* Begin PBXSourcesBuildPhase section */
		46F399A02CD6C6E100290BC6 /* Sources */ = {
			isa = PBXSourcesBuildPhase;
			buildActionMask = 2147483647;
			files = (
			);
			runOnlyForDeploymentPostprocessing = 0;
		};
		46F399B02CD6C6E300290BC6 /* Sources */ = {
			isa = PBXSourcesBuildPhase;
			buildActionMask = 2147483647;
			files = (
			);
			runOnlyForDeploymentPostprocessing = 0;
		};
		46F399BA2CD6C6E300290BC6 /* Sources */ = {
			isa = PBXSourcesBuildPhase;
			buildActionMask = 2147483647;
			files = (
			);
			runOnlyForDeploymentPostprocessing = 0;
		};
/* End PBXSourcesBuildPhase section */

/* Begin PBXTargetDependency section */
		46F399B62CD6C6E300290BC6 /* PBXTargetDependency */ = {
			isa = PBXTargetDependency;
			target = 46F399A32CD6C6E100290BC6 /* SwiftRecipe */;
			targetProxy = 46F399B52CD6C6E300290BC6 /* PBXContainerItemProxy */;
		};
		46F399C02CD6C6E300290BC6 /* PBXTargetDependency */ = {
			isa = PBXTargetDependency;
			target = 46F399A32CD6C6E100290BC6 /* SwiftRecipe */;
			targetProxy = 46F399BF2CD6C6E300290BC6 /* PBXContainerItemProxy */;
		};
/* End PBXTargetDependency section */

/* Begin XCBuildConfiguration section */
		46F399C62CD6C6E300290BC6 /* Debug */ = {
			isa = XCBuildConfiguration;
			buildSettings = {
				ALWAYS_SEARCH_USER_PATHS = NO;
				ASSETCATALOG_COMPILER_GENERATE_SWIFT_ASSET_SYMBOL_EXTENSIONS = YES;
				CLANG_ANALYZER_NONNULL = YES;
				CLANG_ANALYZER_NUMBER_OBJECT_CONVERSION = YES_AGGRESSIVE;
				CLANG_CXX_LANGUAGE_STANDARD = "gnu++20";
				CLANG_ENABLE_MODULES = YES;
				CLANG_ENABLE_OBJC_ARC = YES;
				CLANG_ENABLE_OBJC_WEAK = YES;
				CLANG_WARN_BLOCK_CAPTURE_AUTORELEASING = YES;
				CLANG_WARN_BOOL_CONVERSION = YES;
				CLANG_WARN_COMMA = YES;
				CLANG_WARN_CONSTANT_CONVERSION = YES;
				CLANG_WARN_DEPRECATED_OBJC_IMPLEMENTATIONS = YES;
				CLANG_WARN_DIRECT_OBJC_ISA_USAGE = YES_ERROR;
				CLANG_WARN_DOCUMENTATION_COMMENTS = YES;
				CLANG_WARN_EMPTY_BODY = YES;
				CLANG_WARN_ENUM_CONVERSION = YES;
				CLANG_WARN_INFINITE_RECURSION = YES;
				CLANG_WARN_INT_CONVERSION = YES;
				CLANG_WARN_NON_LITERAL_NULL_CONVERSION = YES;
				CLANG_WARN_OBJC_IMPLICIT_RETAIN_SELF = YES;
				CLANG_WARN_OBJC_LITERAL_CONVERSION = YES;
				CLANG_WARN_OBJC_ROOT_CLASS = YES_ERROR;
				CLANG_WARN_QUOTED_INCLUDE_IN_FRAMEWORK_HEADER = YES;
				CLANG_WARN_RANGE_LOOP_ANALYSIS = YES;
				CLANG_WARN_STRICT_PROTOTYPES = YES;
				CLANG_WARN_SUSPICIOUS_MOVE = YES;
				CLANG_WARN_UNGUARDED_AVAILABILITY = YES_AGGRESSIVE;
				CLANG_WARN_UNREACHABLE_CODE = YES;
				CLANG_WARN__DUPLICATE_METHOD_MATCH = YES;
				COPY_PHASE_STRIP = NO;
				DEBUG_INFORMATION_FORMAT = dwarf;
				ENABLE_STRICT_OBJC_MSGSEND = YES;
				ENABLE_TESTABILITY = YES;
				ENABLE_USER_SCRIPT_SANDBOXING = YES;
				GCC_C_LANGUAGE_STANDARD = gnu17;
				GCC_DYNAMIC_NO_PIC = NO;
				GCC_NO_COMMON_BLOCKS = YES;
				GCC_OPTIMIZATION_LEVEL = 0;
				GCC_PREPROCESSOR_DEFINITIONS = (
					"DEBUG=1",
					"$(inherited)",
				);
				GCC_WARN_64_TO_32_BIT_CONVERSION = YES;
				GCC_WARN_ABOUT_RETURN_TYPE = YES_ERROR;
				GCC_WARN_UNDECLARED_SELECTOR = YES;
				GCC_WARN_UNINITIALIZED_AUTOS = YES_AGGRESSIVE;
				GCC_WARN_UNUSED_FUNCTION = YES;
				GCC_WARN_UNUSED_VARIABLE = YES;
				IPHONEOS_DEPLOYMENT_TARGET = 18.0;
				LOCALIZATION_PREFERS_STRING_CATALOGS = YES;
				MTL_ENABLE_DEBUG_INFO = INCLUDE_SOURCE;
				MTL_FAST_MATH = YES;
				ONLY_ACTIVE_ARCH = YES;
				SDKROOT = iphoneos;
				SWIFT_ACTIVE_COMPILATION_CONDITIONS = "DEBUG $(inherited)";
				SWIFT_OPTIMIZATION_LEVEL = "-Onone";
			};
			name = Debug;
		};
		46F399C72CD6C6E300290BC6 /* Release */ = {
			isa = XCBuildConfiguration;
			buildSettings = {
				ALWAYS_SEARCH_USER_PATHS = NO;
				ASSETCATALOG_COMPILER_GENERATE_SWIFT_ASSET_SYMBOL_EXTENSIONS = YES;
				CLANG_ANALYZER_NONNULL = YES;
				CLANG_ANALYZER_NUMBER_OBJECT_CONVERSION = YES_AGGRESSIVE;
				CLANG_CXX_LANGUAGE_STANDARD = "gnu++20";
				CLANG_ENABLE_MODULES = YES;
				CLANG_ENABLE_OBJC_ARC = YES;
				CLANG_ENABLE_OBJC_WEAK = YES;
				CLANG_WARN_BLOCK_CAPTURE_AUTORELEASING = YES;
				CLANG_WARN_BOOL_CONVERSION = YES;
				CLANG_WARN_COMMA = YES;
				CLANG_WARN_CONSTANT_CONVERSION = YES;
				CLANG_WARN_DEPRECATED_OBJC_IMPLEMENTATIONS = YES;
				CLANG_WARN_DIRECT_OBJC_ISA_USAGE = YES_ERROR;
				CLANG_WARN_DOCUMENTATION_COMMENTS = YES;
				CLANG_WARN_EMPTY_BODY = YES;
				CLANG_WARN_ENUM_CONVERSION = YES;
				CLANG_WARN_INFINITE_RECURSION = YES;
				CLANG_WARN_INT_CONVERSION = YES;
				CLANG_WARN_NON_LITERAL_NULL_CONVERSION = YES;
				CLANG_WARN_OBJC_IMPLICIT_RETAIN_SELF = YES;
				CLANG_WARN_OBJC_LITERAL_CONVERSION = YES;
				CLANG_WARN_OBJC_ROOT_CLASS = YES_ERROR;
				CLANG_WARN_QUOTED_INCLUDE_IN_FRAMEWORK_HEADER = YES;
				CLANG_WARN_RANGE_LOOP_ANALYSIS = YES;
				CLANG_WARN_STRICT_PROTOTYPES = YES;
				CLANG_WARN_SUSPICIOUS_MOVE = YES;
				CLANG_WARN_UNGUARDED_AVAILABILITY = YES_AGGRESSIVE;
				CLANG_WARN_UNREACHABLE_CODE = YES;
				CLANG_WARN__DUPLICATE_METHOD_MATCH = YES;
				COPY_PHASE_STRIP = NO;
				DEBUG_INFORMATION_FORMAT = "dwarf-with-dsym";
				ENABLE_NS_ASSERTIONS = NO;
				ENABLE_STRICT_OBJC_MSGSEND = YES;
				ENABLE_USER_SCRIPT_SANDBOXING = YES;
				GCC_C_LANGUAGE_STANDARD = gnu17;
				GCC_NO_COMMON_BLOCKS = YES;
				GCC_WARN_64_TO_32_BIT_CONVERSION = YES;
				GCC_WARN_ABOUT_RETURN_TYPE = YES_ERROR;
				GCC_WARN_UNDECLARED_SELECTOR = YES;
				GCC_WARN_UNINITIALIZED_AUTOS = YES_AGGRESSIVE;
				GCC_WARN_UNUSED_FUNCTION = YES;
				GCC_WARN_UNUSED_VARIABLE = YES;
				IPHONEOS_DEPLOYMENT_TARGET = 18.0;
				LOCALIZATION_PREFERS_STRING_CATALOGS = YES;
				MTL_ENABLE_DEBUG_INFO = NO;
				MTL_FAST_MATH = YES;
				SDKROOT = iphoneos;
				SWIFT_COMPILATION_MODE = wholemodule;
				VALIDATE_PRODUCT = YES;
			};
			name = Release;
		};
		46F399C92CD6C6E300290BC6 /* Debug */ = {
			isa = XCBuildConfiguration;
			buildSettings = {
				ASSETCATALOG_COMPILER_APPICON_NAME = AppIcon;
				ASSETCATALOG_COMPILER_GLOBAL_ACCENT_COLOR_NAME = AccentColor;
				CODE_SIGN_STYLE = Automatic;
				CURRENT_PROJECT_VERSION = 1;
				DEVELOPMENT_ASSET_PATHS = "\"SwiftRecipe/Preview Content\"";
				ENABLE_PREVIEWS = YES;
				GENERATE_INFOPLIST_FILE = YES;
				INFOPLIST_KEY_UIApplicationSceneManifest_Generation = YES;
				INFOPLIST_KEY_UIApplicationSupportsIndirectInputEvents = YES;
				INFOPLIST_KEY_UILaunchScreen_Generation = YES;
				INFOPLIST_KEY_UISupportedInterfaceOrientations_iPad = "UIInterfaceOrientationPortrait UIInterfaceOrientationPortraitUpsideDown UIInterfaceOrientationLandscapeLeft UIInterfaceOrientationLandscapeRight";
				INFOPLIST_KEY_UISupportedInterfaceOrientations_iPhone = "UIInterfaceOrientationPortrait UIInterfaceOrientationLandscapeLeft UIInterfaceOrientationLandscapeRight";
				LD_RUNPATH_SEARCH_PATHS = (
					"$(inherited)",
					"@executable_path/Frameworks",
				);
				MARKETING_VERSION = 1.0;
				PRODUCT_BUNDLE_IDENTIFIER = com.aman.SwiftRecipe;
				PRODUCT_NAME = "$(TARGET_NAME)";
				SWIFT_EMIT_LOC_STRINGS = YES;
				SWIFT_VERSION = 5.0;
				TARGETED_DEVICE_FAMILY = "1,2";
			};
			name = Debug;
		};
		46F399CA2CD6C6E300290BC6 /* Release */ = {
			isa = XCBuildConfiguration;
			buildSettings = {
				ASSETCATALOG_COMPILER_APPICON_NAME = AppIcon;
				ASSETCATALOG_COMPILER_GLOBAL_ACCENT_COLOR_NAME = AccentColor;
				CODE_SIGN_STYLE = Automatic;
				CURRENT_PROJECT_VERSION = 1;
				DEVELOPMENT_ASSET_PATHS = "\"SwiftRecipe/Preview Content\"";
				ENABLE_PREVIEWS = YES;
				GENERATE_INFOPLIST_FILE = YES;
				INFOPLIST_KEY_UIApplicationSceneManifest_Generation = YES;
				INFOPLIST_KEY_UIApplicationSupportsIndirectInputEvents = YES;
				INFOPLIST_KEY_UILaunchScreen_Generation = YES;
				INFOPLIST_KEY_UISupportedInterfaceOrientations_iPad = "UIInterfaceOrientationPortrait UIInterfaceOrientationPortraitUpsideDown UIInterfaceOrientationLandscapeLeft UIInterfaceOrientationLandscapeRight";
				INFOPLIST_KEY_UISupportedInterfaceOrientations_iPhone = "UIInterfaceOrientationPortrait UIInterfaceOrientationLandscapeLeft UIInterfaceOrientationLandscapeRight";
				LD_RUNPATH_SEARCH_PATHS = (
					"$(inherited)",
					"@executable_path/Frameworks",
				);
				MARKETING_VERSION = 1.0;
				PRODUCT_BUNDLE_IDENTIFIER = com.aman.SwiftRecipe;
				PRODUCT_NAME = "$(TARGET_NAME)";
				SWIFT_EMIT_LOC_STRINGS = YES;
				SWIFT_VERSION = 5.0;
				TARGETED_DEVICE_FAMILY = "1,2";
			};
			name = Release;
		};
		46F399CC2CD6C6E300290BC6 /* Debug */ = {
			isa = XCBuildConfiguration;
			buildSettings = {
				BUNDLE_LOADER = "$(TEST_HOST)";
				CODE_SIGN_STYLE = Automatic;
				CURRENT_PROJECT_VERSION = 1;
				GENERATE_INFOPLIST_FILE = YES;
				IPHONEOS_DEPLOYMENT_TARGET = 18.0;
				MARKETING_VERSION = 1.0;
				PRODUCT_BUNDLE_IDENTIFIER = com.aman.SwiftRecipeTests;
				PRODUCT_NAME = "$(TARGET_NAME)";
				SWIFT_EMIT_LOC_STRINGS = NO;
				SWIFT_VERSION = 5.0;
				TARGETED_DEVICE_FAMILY = "1,2";
				TEST_HOST = "$(BUILT_PRODUCTS_DIR)/SwiftRecipe.app/$(BUNDLE_EXECUTABLE_FOLDER_PATH)/SwiftRecipe";
			};
			name = Debug;
		};
		46F399CD2CD6C6E300290BC6 /* Release */ = {
			isa = XCBuildConfiguration;
			buildSettings = {
				BUNDLE_LOADER = "$(TEST_HOST)";
				CODE_SIGN_STYLE = Automatic;
				CURRENT_PROJECT_VERSION = 1;
				GENERATE_INFOPLIST_FILE = YES;
				IPHONEOS_DEPLOYMENT_TARGET = 18.0;
				MARKETING_VERSION = 1.0;
				PRODUCT_BUNDLE_IDENTIFIER = com.aman.SwiftRecipeTests;
				PRODUCT_NAME = "$(TARGET_NAME)";
				SWIFT_EMIT_LOC_STRINGS = NO;
				SWIFT_VERSION = 5.0;
				TARGETED_DEVICE_FAMILY = "1,2";
				TEST_HOST = "$(BUILT_PRODUCTS_DIR)/SwiftRecipe.app/$(BUNDLE_EXECUTABLE_FOLDER_PATH)/SwiftRecipe";
			};
			name = Release;
		};
		46F399CF2CD6C6E300290BC6 /* Debug */ = {
			isa = XCBuildConfiguration;
			buildSettings = {
				CODE_SIGN_STYLE = Automatic;
				CURRENT_PROJECT_VERSION = 1;
				GENERATE_INFOPLIST_FILE = YES;
				MARKETING_VERSION = 1.0;
				PRODUCT_BUNDLE_IDENTIFIER = com.aman.SwiftRecipeUITests;
				PRODUCT_NAME = "$(TARGET_NAME)";
				SWIFT_EMIT_LOC_STRINGS = NO;
				SWIFT_VERSION = 5.0;
				TARGETED_DEVICE_FAMILY = "1,2";
				TEST_TARGET_NAME = SwiftRecipe;
			};
			name = Debug;
		};
		46F399D02CD6C6E300290BC6 /* Release */ = {
			isa = XCBuildConfiguration;
			buildSettings = {
				CODE_SIGN_STYLE = Automatic;
				CURRENT_PROJECT_VERSION = 1;
				GENERATE_INFOPLIST_FILE = YES;
				MARKETING_VERSION = 1.0;
				PRODUCT_BUNDLE_IDENTIFIER = com.aman.SwiftRecipeUITests;
				PRODUCT_NAME = "$(TARGET_NAME)";
				SWIFT_EMIT_LOC_STRINGS = NO;
				SWIFT_VERSION = 5.0;
				TARGETED_DEVICE_FAMILY = "1,2";
				TEST_TARGET_NAME = SwiftRecipe;
			};
			name = Release;
		};
/* End XCBuildConfiguration section */

/* Begin XCConfigurationList section */
		46F3999F2CD6C6E100290BC6 /* Build configuration list for PBXProject "SwiftRecipe" */ = {
			isa = XCConfigurationList;
			buildConfigurations = (
				46F399C62CD6C6E300290BC6 /* Debug */,
				46F399C72CD6C6E300290BC6 /* Release */,
			);
			defaultConfigurationIsVisible = 0;
			defaultConfigurationName = Release;
		};
		46F399C82CD6C6E300290BC6 /* Build configuration list for PBXNativeTarget "SwiftRecipe" */ = {
			isa = XCConfigurationList;
			buildConfigurations = (
				46F399C92CD6C6E300290BC6 /* Debug */,
				46F399CA2CD6C6E300290BC6 /* Release */,
			);
			defaultConfigurationIsVisible = 0;
			defaultConfigurationName = Release;
		};
		46F399CB2CD6C6E300290BC6 /* Build configuration list for PBXNativeTarget "SwiftRecipeTests" */ = {
			isa = XCConfigurationList;
			buildConfigurations = (
				46F399CC2CD6C6E300290BC6 /* Debug */,
				46F399CD2CD6C6E300290BC6 /* Release */,
			);
			defaultConfigurationIsVisible = 0;
			defaultConfigurationName = Release;
		};
		46F399CE2CD6C6E300290BC6 /* Build configuration list for PBXNativeTarget "SwiftRecipeUITests" */ = {
			isa = XCConfigurationList;
			buildConfigurations = (
				46F399CF2CD6C6E300290BC6 /* Debug */,
				46F399D02CD6C6E300290BC6 /* Release */,
			);
			defaultConfigurationIsVisible = 0;
			defaultConfigurationName = Release;
		};
/* End XCConfigurationList section */
	};
	rootObject = 46F3999C2CD6C6E100290BC6 /* Project object */;
}
